// !$*UTF8*$!
{
	archiveVersion = 1;
	classes = {
	};
	objectVersion = 50;
	objects = {

/* Begin PBXBuildFile section */
		5B86C247D48674602F0CA0B2 /* Pods_YTCoverDemoTests.framework in Frameworks */ = {isa = PBXBuildFile; fileRef = 52198D3F7CF0DB071799077D /* Pods_YTCoverDemoTests.framework */; };
		8415773123616DD7003013C8 /* AppDelegate.m in Sources */ = {isa = PBXBuildFile; fileRef = 8415773023616DD7003013C8 /* AppDelegate.m */; };
		8415773423616DD7003013C8 /* ViewController.m in Sources */ = {isa = PBXBuildFile; fileRef = 8415773323616DD7003013C8 /* ViewController.m */; };
		8415773723616DD7003013C8 /* Main.storyboard in Resources */ = {isa = PBXBuildFile; fileRef = 8415773523616DD7003013C8 /* Main.storyboard */; };
		8415773923616DD9003013C8 /* Assets.xcassets in Resources */ = {isa = PBXBuildFile; fileRef = 8415773823616DD9003013C8 /* Assets.xcassets */; };
		8415773C23616DD9003013C8 /* LaunchScreen.storyboard in Resources */ = {isa = PBXBuildFile; fileRef = 8415773A23616DD9003013C8 /* LaunchScreen.storyboard */; };
		8415773F23616DDA003013C8 /* main.m in Sources */ = {isa = PBXBuildFile; fileRef = 8415773E23616DDA003013C8 /* main.m */; };
		8415774923616DDA003013C8 /* YTCoverDemoTests.m in Sources */ = {isa = PBXBuildFile; fileRef = 8415774823616DDA003013C8 /* YTCoverDemoTests.m */; };
		8415775423616DDA003013C8 /* YTCoverDemoUITests.m in Sources */ = {isa = PBXBuildFile; fileRef = 8415775323616DDA003013C8 /* YTCoverDemoUITests.m */; };
		A07ACBA6DF101E87D9F3495F /* Pods_YTCoverDemo_YTCoverDemoUITests.framework in Frameworks */ = {isa = PBXBuildFile; fileRef = 015C41243B1D21957651661C /* Pods_YTCoverDemo_YTCoverDemoUITests.framework */; };
		E1E5A920C8C0B023C3FBEC91 /* Pods_YTCoverDemo.framework in Frameworks */ = {isa = PBXBuildFile; fileRef = 81B0CE723B8C0A7C370AE2F1 /* Pods_YTCoverDemo.framework */; };
/* End PBXBuildFile section */

/* Begin PBXContainerItemProxy section */
		8415774523616DDA003013C8 /* PBXContainerItemProxy */ = {
			isa = PBXContainerItemProxy;
			containerPortal = 8415772423616DD7003013C8 /* Project object */;
			proxyType = 1;
			remoteGlobalIDString = 8415772B23616DD7003013C8;
			remoteInfo = YTCoverDemo;
		};
		8415775023616DDA003013C8 /* PBXContainerItemProxy */ = {
			isa = PBXContainerItemProxy;
			containerPortal = 8415772423616DD7003013C8 /* Project object */;
			proxyType = 1;
			remoteGlobalIDString = 8415772B23616DD7003013C8;
			remoteInfo = YTCoverDemo;
		};
/* End PBXContainerItemProxy section */

/* Begin PBXFileReference section */
		015C41243B1D21957651661C /* Pods_YTCoverDemo_YTCoverDemoUITests.framework */ = {isa = PBXFileReference; explicitFileType = wrapper.framework; includeInIndex = 0; path = Pods_YTCoverDemo_YTCoverDemoUITests.framework; sourceTree = BUILT_PRODUCTS_DIR; };
		2497D2CBDBD39FEBB726AB97 /* Pods-YTCoverDemo-YTCoverDemoUITests.debug.xcconfig */ = {isa = PBXFileReference; includeInIndex = 1; lastKnownFileType = text.xcconfig; name = "Pods-YTCoverDemo-YTCoverDemoUITests.debug.xcconfig"; path = "Target Support Files/Pods-YTCoverDemo-YTCoverDemoUITests/Pods-YTCoverDemo-YTCoverDemoUITests.debug.xcconfig"; sourceTree = "<group>"; };
		257B76B24E0AA7A62C953C02 /* Pods-YTCoverDemo.release.xcconfig */ = {isa = PBXFileReference; includeInIndex = 1; lastKnownFileType = text.xcconfig; name = "Pods-YTCoverDemo.release.xcconfig"; path = "Target Support Files/Pods-YTCoverDemo/Pods-YTCoverDemo.release.xcconfig"; sourceTree = "<group>"; };
		3930B72F8FDC700FF4CD4028 /* Pods-YTCoverDemo-YTCoverDemoUITests.release.xcconfig */ = {isa = PBXFileReference; includeInIndex = 1; lastKnownFileType = text.xcconfig; name = "Pods-YTCoverDemo-YTCoverDemoUITests.release.xcconfig"; path = "Target Support Files/Pods-YTCoverDemo-YTCoverDemoUITests/Pods-YTCoverDemo-YTCoverDemoUITests.release.xcconfig"; sourceTree = "<group>"; };
		52198D3F7CF0DB071799077D /* Pods_YTCoverDemoTests.framework */ = {isa = PBXFileReference; explicitFileType = wrapper.framework; includeInIndex = 0; path = Pods_YTCoverDemoTests.framework; sourceTree = BUILT_PRODUCTS_DIR; };
		7A03F3796BA2F8E50DF88EB9 /* Pods-YTCoverDemoTests.debug.xcconfig */ = {isa = PBXFileReference; includeInIndex = 1; lastKnownFileType = text.xcconfig; name = "Pods-YTCoverDemoTests.debug.xcconfig"; path = "Target Support Files/Pods-YTCoverDemoTests/Pods-YTCoverDemoTests.debug.xcconfig"; sourceTree = "<group>"; };
		81B0CE723B8C0A7C370AE2F1 /* Pods_YTCoverDemo.framework */ = {isa = PBXFileReference; explicitFileType = wrapper.framework; includeInIndex = 0; path = Pods_YTCoverDemo.framework; sourceTree = BUILT_PRODUCTS_DIR; };
		8415772C23616DD7003013C8 /* YTCoverDemo.app */ = {isa = PBXFileReference; explicitFileType = wrapper.application; includeInIndex = 0; path = YTCoverDemo.app; sourceTree = BUILT_PRODUCTS_DIR; };
		8415772F23616DD7003013C8 /* AppDelegate.h */ = {isa = PBXFileReference; lastKnownFileType = sourcecode.c.h; path = AppDelegate.h; sourceTree = "<group>"; };
		8415773023616DD7003013C8 /* AppDelegate.m */ = {isa = PBXFileReference; lastKnownFileType = sourcecode.c.objc; path = AppDelegate.m; sourceTree = "<group>"; };
		8415773223616DD7003013C8 /* ViewController.h */ = {isa = PBXFileReference; lastKnownFileType = sourcecode.c.h; path = ViewController.h; sourceTree = "<group>"; };
		8415773323616DD7003013C8 /* ViewController.m */ = {isa = PBXFileReference; lastKnownFileType = sourcecode.c.objc; path = ViewController.m; sourceTree = "<group>"; };
		8415773623616DD7003013C8 /* Base */ = {isa = PBXFileReference; lastKnownFileType = file.storyboard; name = Base; path = Base.lproj/Main.storyboard; sourceTree = "<group>"; };
		8415773823616DD9003013C8 /* Assets.xcassets */ = {isa = PBXFileReference; lastKnownFileType = folder.assetcatalog; path = Assets.xcassets; sourceTree = "<group>"; };
		8415773B23616DD9003013C8 /* Base */ = {isa = PBXFileReference; lastKnownFileType = file.storyboard; name = Base; path = Base.lproj/LaunchScreen.storyboard; sourceTree = "<group>"; };
		8415773D23616DDA003013C8 /* Info.plist */ = {isa = PBXFileReference; lastKnownFileType = text.plist.xml; path = Info.plist; sourceTree = "<group>"; };
		8415773E23616DDA003013C8 /* main.m */ = {isa = PBXFileReference; lastKnownFileType = sourcecode.c.objc; path = main.m; sourceTree = "<group>"; };
		8415774423616DDA003013C8 /* YTCoverDemoTests.xctest */ = {isa = PBXFileReference; explicitFileType = wrapper.cfbundle; includeInIndex = 0; path = YTCoverDemoTests.xctest; sourceTree = BUILT_PRODUCTS_DIR; };
		8415774823616DDA003013C8 /* YTCoverDemoTests.m */ = {isa = PBXFileReference; lastKnownFileType = sourcecode.c.objc; path = YTCoverDemoTests.m; sourceTree = "<group>"; };
		8415774A23616DDA003013C8 /* Info.plist */ = {isa = PBXFileReference; lastKnownFileType = text.plist.xml; path = Info.plist; sourceTree = "<group>"; };
		8415774F23616DDA003013C8 /* YTCoverDemoUITests.xctest */ = {isa = PBXFileReference; explicitFileType = wrapper.cfbundle; includeInIndex = 0; path = YTCoverDemoUITests.xctest; sourceTree = BUILT_PRODUCTS_DIR; };
		8415775323616DDA003013C8 /* YTCoverDemoUITests.m */ = {isa = PBXFileReference; lastKnownFileType = sourcecode.c.objc; path = YTCoverDemoUITests.m; sourceTree = "<group>"; };
		8415775523616DDA003013C8 /* Info.plist */ = {isa = PBXFileReference; lastKnownFileType = text.plist.xml; path = Info.plist; sourceTree = "<group>"; };
		B42A89BF208ABEB9F059D0C8 /* Pods-YTCoverDemoTests.release.xcconfig */ = {isa = PBXFileReference; includeInIndex = 1; lastKnownFileType = text.xcconfig; name = "Pods-YTCoverDemoTests.release.xcconfig"; path = "Target Support Files/Pods-YTCoverDemoTests/Pods-YTCoverDemoTests.release.xcconfig"; sourceTree = "<group>"; };
		DE0BE73F6B0C32D2D2764496 /* Pods-YTCoverDemo.debug.xcconfig */ = {isa = PBXFileReference; includeInIndex = 1; lastKnownFileType = text.xcconfig; name = "Pods-YTCoverDemo.debug.xcconfig"; path = "Target Support Files/Pods-YTCoverDemo/Pods-YTCoverDemo.debug.xcconfig"; sourceTree = "<group>"; };
/* End PBXFileReference section */

/* Begin PBXFrameworksBuildPhase section */
		8415772923616DD7003013C8 /* Frameworks */ = {
			isa = PBXFrameworksBuildPhase;
			buildActionMask = 2147483647;
			files = (
				E1E5A920C8C0B023C3FBEC91 /* Pods_YTCoverDemo.framework in Frameworks */,
			);
			runOnlyForDeploymentPostprocessing = 0;
		};
		8415774123616DDA003013C8 /* Frameworks */ = {
			isa = PBXFrameworksBuildPhase;
			buildActionMask = 2147483647;
			files = (
				5B86C247D48674602F0CA0B2 /* Pods_YTCoverDemoTests.framework in Frameworks */,
			);
			runOnlyForDeploymentPostprocessing = 0;
		};
		8415774C23616DDA003013C8 /* Frameworks */ = {
			isa = PBXFrameworksBuildPhase;
			buildActionMask = 2147483647;
			files = (
				A07ACBA6DF101E87D9F3495F /* Pods_YTCoverDemo_YTCoverDemoUITests.framework in Frameworks */,
			);
			runOnlyForDeploymentPostprocessing = 0;
		};
/* End PBXFrameworksBuildPhase section */

/* Begin PBXGroup section */
		8415772323616DD7003013C8 = {
			isa = PBXGroup;
			children = (
				8415772E23616DD7003013C8 /* YTCoverDemo */,
				8415774723616DDA003013C8 /* YTCoverDemoTests */,
				8415775223616DDA003013C8 /* YTCoverDemoUITests */,
				8415772D23616DD7003013C8 /* Products */,
				EC144C8BFD7E40A48F721FA2 /* Pods */,
				95DD58B14B6738C383814C98 /* Frameworks */,
			);
			sourceTree = "<group>";
		};
		8415772D23616DD7003013C8 /* Products */ = {
			isa = PBXGroup;
			children = (
				8415772C23616DD7003013C8 /* YTCoverDemo.app */,
				8415774423616DDA003013C8 /* YTCoverDemoTests.xctest */,
				8415774F23616DDA003013C8 /* YTCoverDemoUITests.xctest */,
			);
			name = Products;
			sourceTree = "<group>";
		};
		8415772E23616DD7003013C8 /* YTCoverDemo */ = {
			isa = PBXGroup;
			children = (
				8415772F23616DD7003013C8 /* AppDelegate.h */,
				8415773023616DD7003013C8 /* AppDelegate.m */,
				8415773223616DD7003013C8 /* ViewController.h */,
				8415773323616DD7003013C8 /* ViewController.m */,
				8415773523616DD7003013C8 /* Main.storyboard */,
				8415773823616DD9003013C8 /* Assets.xcassets */,
				8415773A23616DD9003013C8 /* LaunchScreen.storyboard */,
				8415773D23616DDA003013C8 /* Info.plist */,
				8415773E23616DDA003013C8 /* main.m */,
			);
			path = YTCoverDemo;
			sourceTree = "<group>";
		};
		8415774723616DDA003013C8 /* YTCoverDemoTests */ = {
			isa = PBXGroup;
			children = (
				8415774823616DDA003013C8 /* YTCoverDemoTests.m */,
				8415774A23616DDA003013C8 /* Info.plist */,
			);
			path = YTCoverDemoTests;
			sourceTree = "<group>";
		};
		8415775223616DDA003013C8 /* YTCoverDemoUITests */ = {
			isa = PBXGroup;
			children = (
				8415775323616DDA003013C8 /* YTCoverDemoUITests.m */,
				8415775523616DDA003013C8 /* Info.plist */,
			);
			path = YTCoverDemoUITests;
			sourceTree = "<group>";
		};
		95DD58B14B6738C383814C98 /* Frameworks */ = {
			isa = PBXGroup;
			children = (
				81B0CE723B8C0A7C370AE2F1 /* Pods_YTCoverDemo.framework */,
				015C41243B1D21957651661C /* Pods_YTCoverDemo_YTCoverDemoUITests.framework */,
				52198D3F7CF0DB071799077D /* Pods_YTCoverDemoTests.framework */,
			);
			name = Frameworks;
			sourceTree = "<group>";
		};
		EC144C8BFD7E40A48F721FA2 /* Pods */ = {
			isa = PBXGroup;
			children = (
				DE0BE73F6B0C32D2D2764496 /* Pods-YTCoverDemo.debug.xcconfig */,
				257B76B24E0AA7A62C953C02 /* Pods-YTCoverDemo.release.xcconfig */,
				2497D2CBDBD39FEBB726AB97 /* Pods-YTCoverDemo-YTCoverDemoUITests.debug.xcconfig */,
				3930B72F8FDC700FF4CD4028 /* Pods-YTCoverDemo-YTCoverDemoUITests.release.xcconfig */,
				7A03F3796BA2F8E50DF88EB9 /* Pods-YTCoverDemoTests.debug.xcconfig */,
				B42A89BF208ABEB9F059D0C8 /* Pods-YTCoverDemoTests.release.xcconfig */,
			);
			path = Pods;
			sourceTree = "<group>";
		};
/* End PBXGroup section */

/* Begin PBXNativeTarget section */
		8415772B23616DD7003013C8 /* YTCoverDemo */ = {
			isa = PBXNativeTarget;
			buildConfigurationList = 8415775823616DDA003013C8 /* Build configuration list for PBXNativeTarget "YTCoverDemo" */;
			buildPhases = (
				CD715157F9DA00695C593BB8 /* [CP] Check Pods Manifest.lock */,
				8415772823616DD7003013C8 /* Sources */,
				8415772923616DD7003013C8 /* Frameworks */,
				8415772A23616DD7003013C8 /* Resources */,
			);
			buildRules = (
			);
			dependencies = (
			);
			name = YTCoverDemo;
			productName = YTCoverDemo;
			productReference = 8415772C23616DD7003013C8 /* YTCoverDemo.app */;
			productType = "com.apple.product-type.application";
		};
		8415774323616DDA003013C8 /* YTCoverDemoTests */ = {
			isa = PBXNativeTarget;
			buildConfigurationList = 8415775B23616DDA003013C8 /* Build configuration list for PBXNativeTarget "YTCoverDemoTests" */;
			buildPhases = (
				A1B4A2CA5937C1B700451B09 /* [CP] Check Pods Manifest.lock */,
				8415774023616DDA003013C8 /* Sources */,
				8415774123616DDA003013C8 /* Frameworks */,
				8415774223616DDA003013C8 /* Resources */,
			);
			buildRules = (
			);
			dependencies = (
				8415774623616DDA003013C8 /* PBXTargetDependency */,
			);
			name = YTCoverDemoTests;
			productName = YTCoverDemoTests;
			productReference = 8415774423616DDA003013C8 /* YTCoverDemoTests.xctest */;
			productType = "com.apple.product-type.bundle.unit-test";
		};
		8415774E23616DDA003013C8 /* YTCoverDemoUITests */ = {
			isa = PBXNativeTarget;
			buildConfigurationList = 8415775E23616DDA003013C8 /* Build configuration list for PBXNativeTarget "YTCoverDemoUITests" */;
			buildPhases = (
				802E7C6B4B09CA144A4639F1 /* [CP] Check Pods Manifest.lock */,
				8415774B23616DDA003013C8 /* Sources */,
				8415774C23616DDA003013C8 /* Frameworks */,
				8415774D23616DDA003013C8 /* Resources */,
			);
			buildRules = (
			);
			dependencies = (
				8415775123616DDA003013C8 /* PBXTargetDependency */,
			);
			name = YTCoverDemoUITests;
			productName = YTCoverDemoUITests;
			productReference = 8415774F23616DDA003013C8 /* YTCoverDemoUITests.xctest */;
			productType = "com.apple.product-type.bundle.ui-testing";
		};
/* End PBXNativeTarget section */

/* Begin PBXProject section */
		8415772423616DD7003013C8 /* Project object */ = {
			isa = PBXProject;
			attributes = {
				LastUpgradeCheck = 1030;
				ORGANIZATIONNAME = admin;
				TargetAttributes = {
					8415772B23616DD7003013C8 = {
						CreatedOnToolsVersion = 10.3;
					};
					8415774323616DDA003013C8 = {
						CreatedOnToolsVersion = 10.3;
						TestTargetID = 8415772B23616DD7003013C8;
					};
					8415774E23616DDA003013C8 = {
						CreatedOnToolsVersion = 10.3;
						TestTargetID = 8415772B23616DD7003013C8;
					};
				};
			};
			buildConfigurationList = 8415772723616DD7003013C8 /* Build configuration list for PBXProject "YTCoverDemo" */;
			compatibilityVersion = "Xcode 9.3";
			developmentRegion = en;
			hasScannedForEncodings = 0;
			knownRegions = (
				en,
				Base,
			);
			mainGroup = 8415772323616DD7003013C8;
			productRefGroup = 8415772D23616DD7003013C8 /* Products */;
			projectDirPath = "";
			projectRoot = "";
			targets = (
				8415772B23616DD7003013C8 /* YTCoverDemo */,
				8415774323616DDA003013C8 /* YTCoverDemoTests */,
				8415774E23616DDA003013C8 /* YTCoverDemoUITests */,
			);
		};
/* End PBXProject section */

/* Begin PBXResourcesBuildPhase section */
		8415772A23616DD7003013C8 /* Resources */ = {
			isa = PBXResourcesBuildPhase;
			buildActionMask = 2147483647;
			files = (
				8415773C23616DD9003013C8 /* LaunchScreen.storyboard in Resources */,
				8415773923616DD9003013C8 /* Assets.xcassets in Resources */,
				8415773723616DD7003013C8 /* Main.storyboard in Resources */,
			);
			runOnlyForDeploymentPostprocessing = 0;
		};
		8415774223616DDA003013C8 /* Resources */ = {
			isa = PBXResourcesBuildPhase;
			buildActionMask = 2147483647;
			files = (
			);
			runOnlyForDeploymentPostprocessing = 0;
		};
		8415774D23616DDA003013C8 /* Resources */ = {
			isa = PBXResourcesBuildPhase;
			buildActionMask = 2147483647;
			files = (
			);
			runOnlyForDeploymentPostprocessing = 0;
		};
/* End PBXResourcesBuildPhase section */

/* Begin PBXShellScriptBuildPhase section */
		802E7C6B4B09CA144A4639F1 /* [CP] Check Pods Manifest.lock */ = {
			isa = PBXShellScriptBuildPhase;
			buildActionMask = 2147483647;
			files = (
			);
			inputFileListPaths = (
			);
			inputPaths = (
				"${PODS_PODFILE_DIR_PATH}/Podfile.lock",
				"${PODS_ROOT}/Manifest.lock",
			);
			name = "[CP] Check Pods Manifest.lock";
			outputFileListPaths = (
			);
			outputPaths = (
				"$(DERIVED_FILE_DIR)/Pods-YTCoverDemo-YTCoverDemoUITests-checkManifestLockResult.txt",
			);
			runOnlyForDeploymentPostprocessing = 0;
			shellPath = /bin/sh;
			shellScript = "diff \"${PODS_PODFILE_DIR_PATH}/Podfile.lock\" \"${PODS_ROOT}/Manifest.lock\" > /dev/null\nif [ $? != 0 ] ; then\n    # print error to STDERR\n    echo \"error: The sandbox is not in sync with the Podfile.lock. Run 'pod install' or update your CocoaPods installation.\" >&2\n    exit 1\nfi\n# This output is used by Xcode 'outputs' to avoid re-running this script phase.\necho \"SUCCESS\" > \"${SCRIPT_OUTPUT_FILE_0}\"\n";
			showEnvVarsInLog = 0;
		};
		A1B4A2CA5937C1B700451B09 /* [CP] Check Pods Manifest.lock */ = {
			isa = PBXShellScriptBuildPhase;
			buildActionMask = 2147483647;
			files = (
			);
			inputFileListPaths = (
			);
			inputPaths = (
				"${PODS_PODFILE_DIR_PATH}/Podfile.lock",
				"${PODS_ROOT}/Manifest.lock",
			);
			name = "[CP] Check Pods Manifest.lock";
			outputFileListPaths = (
			);
			outputPaths = (
				"$(DERIVED_FILE_DIR)/Pods-YTCoverDemoTests-checkManifestLockResult.txt",
			);
			runOnlyForDeploymentPostprocessing = 0;
			shellPath = /bin/sh;
			shellScript = "diff \"${PODS_PODFILE_DIR_PATH}/Podfile.lock\" \"${PODS_ROOT}/Manifest.lock\" > /dev/null\nif [ $? != 0 ] ; then\n    # print error to STDERR\n    echo \"error: The sandbox is not in sync with the Podfile.lock. Run 'pod install' or update your CocoaPods installation.\" >&2\n    exit 1\nfi\n# This output is used by Xcode 'outputs' to avoid re-running this script phase.\necho \"SUCCESS\" > \"${SCRIPT_OUTPUT_FILE_0}\"\n";
			showEnvVarsInLog = 0;
		};
		CD715157F9DA00695C593BB8 /* [CP] Check Pods Manifest.lock */ = {
			isa = PBXShellScriptBuildPhase;
			buildActionMask = 2147483647;
			files = (
			);
			inputFileListPaths = (
			);
			inputPaths = (
				"${PODS_PODFILE_DIR_PATH}/Podfile.lock",
				"${PODS_ROOT}/Manifest.lock",
			);
			name = "[CP] Check Pods Manifest.lock";
			outputFileListPaths = (
			);
			outputPaths = (
				"$(DERIVED_FILE_DIR)/Pods-YTCoverDemo-checkManifestLockResult.txt",
			);
			runOnlyForDeploymentPostprocessing = 0;
			shellPath = /bin/sh;
			shellScript = "diff \"${PODS_PODFILE_DIR_PATH}/Podfile.lock\" \"${PODS_ROOT}/Manifest.lock\" > /dev/null\nif [ $? != 0 ] ; then\n    # print error to STDERR\n    echo \"error: The sandbox is not in sync with the Podfile.lock. Run 'pod install' or update your CocoaPods installation.\" >&2\n    exit 1\nfi\n# This output is used by Xcode 'outputs' to avoid re-running this script phase.\necho \"SUCCESS\" > \"${SCRIPT_OUTPUT_FILE_0}\"\n";
			showEnvVarsInLog = 0;
		};
/* End PBXShellScriptBuildPhase section */

/* Begin PBXSourcesBuildPhase section */
		8415772823616DD7003013C8 /* Sources */ = {
			isa = PBXSourcesBuildPhase;
			buildActionMask = 2147483647;
			files = (
				8415773423616DD7003013C8 /* ViewController.m in Sources */,
				8415773F23616DDA003013C8 /* main.m in Sources */,
				8415773123616DD7003013C8 /* AppDelegate.m in Sources */,
			);
			runOnlyForDeploymentPostprocessing = 0;
		};
		8415774023616DDA003013C8 /* Sources */ = {
			isa = PBXSourcesBuildPhase;
			buildActionMask = 2147483647;
			files = (
				8415774923616DDA003013C8 /* YTCoverDemoTests.m in Sources */,
			);
			runOnlyForDeploymentPostprocessing = 0;
		};
		8415774B23616DDA003013C8 /* Sources */ = {
			isa = PBXSourcesBuildPhase;
			buildActionMask = 2147483647;
			files = (
				8415775423616DDA003013C8 /* YTCoverDemoUITests.m in Sources */,
			);
			runOnlyForDeploymentPostprocessing = 0;
		};
/* End PBXSourcesBuildPhase section */

/* Begin PBXTargetDependency section */
		8415774623616DDA003013C8 /* PBXTargetDependency */ = {
			isa = PBXTargetDependency;
			target = 8415772B23616DD7003013C8 /* YTCoverDemo */;
			targetProxy = 8415774523616DDA003013C8 /* PBXContainerItemProxy */;
		};
		8415775123616DDA003013C8 /* PBXTargetDependency */ = {
			isa = PBXTargetDependency;
			target = 8415772B23616DD7003013C8 /* YTCoverDemo */;
			targetProxy = 8415775023616DDA003013C8 /* PBXContainerItemProxy */;
		};
/* End PBXTargetDependency section */

/* Begin PBXVariantGroup section */
		8415773523616DD7003013C8 /* Main.storyboard */ = {
			isa = PBXVariantGroup;
			children = (
				8415773623616DD7003013C8 /* Base */,
			);
			name = Main.storyboard;
			sourceTree = "<group>";
		};
		8415773A23616DD9003013C8 /* LaunchScreen.storyboard */ = {
			isa = PBXVariantGroup;
			children = (
				8415773B23616DD9003013C8 /* Base */,
			);
			name = LaunchScreen.storyboard;
			sourceTree = "<group>";
		};
/* End PBXVariantGroup section */

/* Begin XCBuildConfiguration section */
		8415775623616DDA003013C8 /* Debug */ = {
			isa = XCBuildConfiguration;
			buildSettings = {
				ALWAYS_SEARCH_USER_PATHS = NO;
				CLANG_ANALYZER_NONNULL = YES;
				CLANG_ANALYZER_NUMBER_OBJECT_CONVERSION = YES_AGGRESSIVE;
				CLANG_CXX_LANGUAGE_STANDARD = "gnu++14";
				CLANG_CXX_LIBRARY = "libc++";
				CLANG_ENABLE_MODULES = YES;
				CLANG_ENABLE_OBJC_ARC = YES;
				CLANG_ENABLE_OBJC_WEAK = YES;
				CLANG_WARN_BLOCK_CAPTURE_AUTORELEASING = YES;
				CLANG_WARN_BOOL_CONVERSION = YES;
				CLANG_WARN_COMMA = YES;
				CLANG_WARN_CONSTANT_CONVERSION = YES;
				CLANG_WARN_DEPRECATED_OBJC_IMPLEMENTATIONS = YES;
				CLANG_WARN_DIRECT_OBJC_ISA_USAGE = YES_ERROR;
				CLANG_WARN_DOCUMENTATION_COMMENTS = YES;
				CLANG_WARN_EMPTY_BODY = YES;
				CLANG_WARN_ENUM_CONVERSION = YES;
				CLANG_WARN_INFINITE_RECURSION = YES;
				CLANG_WARN_INT_CONVERSION = YES;
				CLANG_WARN_NON_LITERAL_NULL_CONVERSION = YES;
				CLANG_WARN_OBJC_IMPLICIT_RETAIN_SELF = YES;
				CLANG_WARN_OBJC_LITERAL_CONVERSION = YES;
				CLANG_WARN_OBJC_ROOT_CLASS = YES_ERROR;
				CLANG_WARN_RANGE_LOOP_ANALYSIS = YES;
				CLANG_WARN_STRICT_PROTOTYPES = YES;
				CLANG_WARN_SUSPICIOUS_MOVE = YES;
				CLANG_WARN_UNGUARDED_AVAILABILITY = YES_AGGRESSIVE;
				CLANG_WARN_UNREACHABLE_CODE = YES;
				CLANG_WARN__DUPLICATE_METHOD_MATCH = YES;
				CODE_SIGN_IDENTITY = "iPhone Developer";
				COPY_PHASE_STRIP = NO;
				DEBUG_INFORMATION_FORMAT = dwarf;
				ENABLE_STRICT_OBJC_MSGSEND = YES;
				ENABLE_TESTABILITY = YES;
				GCC_C_LANGUAGE_STANDARD = gnu11;
				GCC_DYNAMIC_NO_PIC = NO;
				GCC_NO_COMMON_BLOCKS = YES;
				GCC_OPTIMIZATION_LEVEL = 0;
				GCC_PREPROCESSOR_DEFINITIONS = (
					"DEBUG=1",
					"$(inherited)",
				);
				GCC_WARN_64_TO_32_BIT_CONVERSION = YES;
				GCC_WARN_ABOUT_RETURN_TYPE = YES_ERROR;
				GCC_WARN_UNDECLARED_SELECTOR = YES;
				GCC_WARN_UNINITIALIZED_AUTOS = YES_AGGRESSIVE;
				GCC_WARN_UNUSED_FUNCTION = YES;
				GCC_WARN_UNUSED_VARIABLE = YES;
				IPHONEOS_DEPLOYMENT_TARGET = 12.4;
				MTL_ENABLE_DEBUG_INFO = INCLUDE_SOURCE;
				MTL_FAST_MATH = YES;
				ONLY_ACTIVE_ARCH = YES;
				SDKROOT = iphoneos;
			};
			name = Debug;
		};
		8415775723616DDA003013C8 /* Release */ = {
			isa = XCBuildConfiguration;
			buildSettings = {
				ALWAYS_SEARCH_USER_PATHS = NO;
				CLANG_ANALYZER_NONNULL = YES;
				CLANG_ANALYZER_NUMBER_OBJECT_CONVERSION = YES_AGGRESSIVE;
				CLANG_CXX_LANGUAGE_STANDARD = "gnu++14";
				CLANG_CXX_LIBRARY = "libc++";
				CLANG_ENABLE_MODULES = YES;
				CLANG_ENABLE_OBJC_ARC = YES;
				CLANG_ENABLE_OBJC_WEAK = YES;
				CLANG_WARN_BLOCK_CAPTURE_AUTORELEASING = YES;
				CLANG_WARN_BOOL_CONVERSION = YES;
				CLANG_WARN_COMMA = YES;
				CLANG_WARN_CONSTANT_CONVERSION = YES;
				CLANG_WARN_DEPRECATED_OBJC_IMPLEMENTATIONS = YES;
				CLANG_WARN_DIRECT_OBJC_ISA_USAGE = YES_ERROR;
				CLANG_WARN_DOCUMENTATION_COMMENTS = YES;
				CLANG_WARN_EMPTY_BODY = YES;
				CLANG_WARN_ENUM_CONVERSION = YES;
				CLANG_WARN_INFINITE_RECURSION = YES;
				CLANG_WARN_INT_CONVERSION = YES;
				CLANG_WARN_NON_LITERAL_NULL_CONVERSION = YES;
				CLANG_WARN_OBJC_IMPLICIT_RETAIN_SELF = YES;
				CLANG_WARN_OBJC_LITERAL_CONVERSION = YES;
				CLANG_WARN_OBJC_ROOT_CLASS = YES_ERROR;
				CLANG_WARN_RANGE_LOOP_ANALYSIS = YES;
				CLANG_WARN_STRICT_PROTOTYPES = YES;
				CLANG_WARN_SUSPICIOUS_MOVE = YES;
				CLANG_WARN_UNGUARDED_AVAILABILITY = YES_AGGRESSIVE;
				CLANG_WARN_UNREACHABLE_CODE = YES;
				CLANG_WARN__DUPLICATE_METHOD_MATCH = YES;
				CODE_SIGN_IDENTITY = "iPhone Developer";
				COPY_PHASE_STRIP = NO;
				DEBUG_INFORMATION_FORMAT = "dwarf-with-dsym";
				ENABLE_NS_ASSERTIONS = NO;
				ENABLE_STRICT_OBJC_MSGSEND = YES;
				GCC_C_LANGUAGE_STANDARD = gnu11;
				GCC_NO_COMMON_BLOCKS = YES;
				GCC_WARN_64_TO_32_BIT_CONVERSION = YES;
				GCC_WARN_ABOUT_RETURN_TYPE = YES_ERROR;
				GCC_WARN_UNDECLARED_SELECTOR = YES;
				GCC_WARN_UNINITIALIZED_AUTOS = YES_AGGRESSIVE;
				GCC_WARN_UNUSED_FUNCTION = YES;
				GCC_WARN_UNUSED_VARIABLE = YES;
				IPHONEOS_DEPLOYMENT_TARGET = 12.4;
				MTL_ENABLE_DEBUG_INFO = NO;
				MTL_FAST_MATH = YES;
				SDKROOT = iphoneos;
				VALIDATE_PRODUCT = YES;
			};
			name = Release;
		};
		8415775923616DDA003013C8 /* Debug */ = {
			isa = XCBuildConfiguration;
			baseConfigurationReference = DE0BE73F6B0C32D2D2764496 /* Pods-YTCoverDemo.debug.xcconfig */;
			buildSettings = {
				ASSETCATALOG_COMPILER_APPICON_NAME = AppIcon;
				CODE_SIGN_STYLE = Automatic;
				DEVELOPMENT_TEAM = BYR72B64W9;
				INFOPLIST_FILE = YTCoverDemo/Info.plist;
				IPHONEOS_DEPLOYMENT_TARGET = 12.0;
				LD_RUNPATH_SEARCH_PATHS = (
					"$(inherited)",
					"@executable_path/Frameworks",
				);
				PRODUCT_BUNDLE_IDENTIFIER = com.yuantu.YTCoverDemo;
				PRODUCT_NAME = "$(TARGET_NAME)";
				TARGETED_DEVICE_FAMILY = "1,2";
			};
			name = Debug;
		};
		8415775A23616DDA003013C8 /* Release */ = {
			isa = XCBuildConfiguration;
			baseConfigurationReference = 257B76B24E0AA7A62C953C02 /* Pods-YTCoverDemo.release.xcconfig */;
			buildSettings = {
				ASSETCATALOG_COMPILER_APPICON_NAME = AppIcon;
				CODE_SIGN_STYLE = Automatic;
				DEVELOPMENT_TEAM = BYR72B64W9;
				INFOPLIST_FILE = YTCoverDemo/Info.plist;
				IPHONEOS_DEPLOYMENT_TARGET = 12.0;
				LD_RUNPATH_SEARCH_PATHS = (
					"$(inherited)",
					"@executable_path/Frameworks",
				);
				PRODUCT_BUNDLE_IDENTIFIER = com.yuantu.YTCoverDemo;
				PRODUCT_NAME = "$(TARGET_NAME)";
				TARGETED_DEVICE_FAMILY = "1,2";
			};
			name = Release;
		};
		8415775C23616DDA003013C8 /* Debug */ = {
			isa = XCBuildConfiguration;
			baseConfigurationReference = 7A03F3796BA2F8E50DF88EB9 /* Pods-YTCoverDemoTests.debug.xcconfig */;
			buildSettings = {
				BUNDLE_LOADER = "$(TEST_HOST)";
				CODE_SIGN_STYLE = Automatic;
				DEVELOPMENT_TEAM = BYR72B64W9;
				INFOPLIST_FILE = YTCoverDemoTests/Info.plist;
				LD_RUNPATH_SEARCH_PATHS = (
					"$(inherited)",
					"@executable_path/Frameworks",
					"@loader_path/Frameworks",
				);
				PRODUCT_BUNDLE_IDENTIFIER = com.yuantu.YTCoverDemoTests;
				PRODUCT_NAME = "$(TARGET_NAME)";
				TARGETED_DEVICE_FAMILY = "1,2";
				TEST_HOST = "$(BUILT_PRODUCTS_DIR)/YTCoverDemo.app/YTCoverDemo";
			};
			name = Debug;
		};
		8415775D23616DDA003013C8 /* Release */ = {
			isa = XCBuildConfiguration;
			baseConfigurationReference = B42A89BF208ABEB9F059D0C8 /* Pods-YTCoverDemoTests.release.xcconfig */;
			buildSettings = {
				BUNDLE_LOADER = "$(TEST_HOST)";
				CODE_SIGN_STYLE = Automatic;
				DEVELOPMENT_TEAM = BYR72B64W9;
				INFOPLIST_FILE = YTCoverDemoTests/Info.plist;
				LD_RUNPATH_SEARCH_PATHS = (
					"$(inherited)",
					"@executable_path/Frameworks",
					"@loader_path/Frameworks",
				);
				PRODUCT_BUNDLE_IDENTIFIER = com.yuantu.YTCoverDemoTests;
				PRODUCT_NAME = "$(TARGET_NAME)";
				TARGETED_DEVICE_FAMILY = "1,2";
				TEST_HOST = "$(BUILT_PRODUCTS_DIR)/YTCoverDemo.app/YTCoverDemo";
			};
			name = Release;
		};
		8415775F23616DDA003013C8 /* Debug */ = {
			isa = XCBuildConfiguration;
			baseConfigurationReference = 2497D2CBDBD39FEBB726AB97 /* Pods-YTCoverDemo-YTCoverDemoUITests.debug.xcconfig */;
			buildSettings = {
				CODE_SIGN_STYLE = Automatic;
				DEVELOPMENT_TEAM = BYR72B64W9;
				INFOPLIST_FILE = YTCoverDemoUITests/Info.plist;
				LD_RUNPATH_SEARCH_PATHS = (
					"$(inherited)",
					"@executable_path/Frameworks",
					"@loader_path/Frameworks",
				);
				PRODUCT_BUNDLE_IDENTIFIER = com.yuantu.YTCoverDemoUITests;
				PRODUCT_NAME = "$(TARGET_NAME)";
				TARGETED_DEVICE_FAMILY = "1,2";
				TEST_TARGET_NAME = YTCoverDemo;
			};
			name = Debug;
		};
		8415776023616DDA003013C8 /* Release */ = {
			isa = XCBuildConfiguration;
			baseConfigurationReference = 3930B72F8FDC700FF4CD4028 /* Pods-YTCoverDemo-YTCoverDemoUITests.release.xcconfig */;
			buildSettings = {
				CODE_SIGN_STYLE = Automatic;
				DEVELOPMENT_TEAM = BYR72B64W9;
				INFOPLIST_FILE = YTCoverDemoUITests/Info.plist;
				LD_RUNPATH_SEARCH_PATHS = (
					"$(inherited)",
					"@executable_path/Frameworks",
					"@loader_path/Frameworks",
				);
				PRODUCT_BUNDLE_IDENTIFIER = com.yuantu.YTCoverDemoUITests;
				PRODUCT_NAME = "$(TARGET_NAME)";
				TARGETED_DEVICE_FAMILY = "1,2";
				TEST_TARGET_NAME = YTCoverDemo;
			};
			name = Release;
		};
/* End XCBuildConfiguration section */

/* Begin XCConfigurationList section */
		8415772723616DD7003013C8 /* Build configuration list for PBXProject "YTCoverDemo" */ = {
			isa = XCConfigurationList;
			buildConfigurations = (
				8415775623616DDA003013C8 /* Debug */,
				8415775723616DDA003013C8 /* Release */,
			);
			defaultConfigurationIsVisible = 0;
			defaultConfigurationName = Release;
		};
		8415775823616DDA003013C8 /* Build configuration list for PBXNativeTarget "YTCoverDemo" */ = {
			isa = XCConfigurationList;
			buildConfigurations = (
				8415775923616DDA003013C8 /* Debug */,
				8415775A23616DDA003013C8 /* Release */,
			);
			defaultConfigurationIsVisible = 0;
			defaultConfigurationName = Release;
		};
		8415775B23616DDA003013C8 /* Build configuration list for PBXNativeTarget "YTCoverDemoTests" */ = {
			isa = XCConfigurationList;
			buildConfigurations = (
				8415775C23616DDA003013C8 /* Debug */,
				8415775D23616DDA003013C8 /* Release */,
			);
			defaultConfigurationIsVisible = 0;
			defaultConfigurationName = Release;
		};
		8415775E23616DDA003013C8 /* Build configuration list for PBXNativeTarget "YTCoverDemoUITests" */ = {
			isa = XCConfigurationList;
			buildConfigurations = (
				8415775F23616DDA003013C8 /* Debug */,
				8415776023616DDA003013C8 /* Release */,
			);
			defaultConfigurationIsVisible = 0;
			defaultConfigurationName = Release;
		};
/* End XCConfigurationList section */
	};
	rootObject = 8415772423616DD7003013C8 /* Project object */;
}
